
Microsoft Visual Studio Solution File, Format Version 12.00
# Visual Studio 2012
Project("{FAE04EC0-301F-11D3-BF4B-00C04F79EFBC}") = "XamarinExample", "XamarinExample.csproj", "{8DDB3159-31FD-4955-9DFE-C323630FF81C}"
EndProject
Project("{FAE04EC0-301F-11D3-BF4B-00C04F79EFBC}") = "XamarinExample.iOS", "iOS\XamarinExample.iOS.csproj", "{9517ECAF-F351-46B2-9C6B-22C3CDA5FD49}"
EndProject
Project("{FAE04EC0-301F-11D3-BF4B-00C04F79EFBC}") = "XamarinExample.Droid", "Droid\XamarinExample.Droid.csproj", "{5F06C7E8-233F-41F8-8F85-B7091E352278}"
EndProject
Global
	GlobalSection(SolutionConfigurationPlatforms) = preSolution
		Debug|Any CPU = Debug|Any CPU
		Release|Any CPU = Release|Any CPU
		Debug|iPhoneSimulator = Debug|iPhoneSimulator
		Release|iPhone = Release|iPhone
		Release|iPhoneSimulator = Release|iPhoneSimulator
		Debug|iPhone = Debug|iPhone
	EndGlobalSection
	GlobalSection(ProjectConfigurationPlatforms) = postSolution
		{8DDB3159-31FD-4955-9DFE-C323630FF81C}.Debug|Any CPU.ActiveCfg = Debug|Any CPU
		{8DDB3159-31FD-4955-9DFE-C323630FF81C}.Debug|Any CPU.Build.0 = Debug|Any CPU
		{8DDB3159-31FD-4955-9DFE-C323630FF81C}.Release|Any CPU.ActiveCfg = Release|Any CPU
		{8DDB3159-31FD-4955-9DFE-C323630FF81C}.Release|Any CPU.Build.0 = Release|Any CPU
		{8DDB3159-31FD-4955-9DFE-C323630FF81C}.Debug|iPhoneSimulator.ActiveCfg = Debug|Any CPU
		{8DDB3159-31FD-4955-9DFE-C323630FF81C}.Debug|iPhoneSimulator.Build.0 = Debug|Any CPU
		{8DDB3159-31FD-4955-9DFE-C323630FF81C}.Release|iPhone.ActiveCfg = Release|Any CPU
		{8DDB3159-31FD-4955-9DFE-C323630FF81C}.Release|iPhone.Build.0 = Release|Any CPU
		{8DDB3159-31FD-4955-9DFE-C323630FF81C}.Release|iPhoneSimulator.ActiveCfg = Release|Any CPU
		{8DDB3159-31FD-4955-9DFE-C323630FF81C}.Release|iPhoneSimulator.Build.0 = Release|Any CPU
		{8DDB3159-31FD-4955-9DFE-C323630FF81C}.Debug|iPhone.ActiveCfg = Debug|Any CPU
		{8DDB3159-31FD-4955-9DFE-C323630FF81C}.Debug|iPhone.Build.0 = Debug|Any CPU
		{9517ECAF-F351-46B2-9C6B-22C3CDA5FD49}.Debug|Any CPU.ActiveCfg = Debug|iPhoneSimulator
		{9517ECAF-F351-46B2-9C6B-22C3CDA5FD49}.Debug|Any CPU.Build.0 = Debug|iPhoneSimulator
		{9517ECAF-F351-46B2-9C6B-22C3CDA5FD49}.Release|Any CPU.ActiveCfg = Release|iPhone
		{9517ECAF-F351-46B2-9C6B-22C3CDA5FD49}.Release|Any CPU.Build.0 = Release|iPhone
		{9517ECAF-F351-46B2-9C6B-22C3CDA5FD49}.Debug|iPhoneSimulator.ActiveCfg = Debug|iPhoneSimulator
		{9517ECAF-F351-46B2-9C6B-22C3CDA5FD49}.Debug|iPhoneSimulator.Build.0 = Debug|iPhoneSimulator
		{9517ECAF-F351-46B2-9C6B-22C3CDA5FD49}.Release|iPhone.ActiveCfg = Release|iPhone
		{9517ECAF-F351-46B2-9C6B-22C3CDA5FD49}.Release|iPhone.Build.0 = Release|iPhone
		{9517ECAF-F351-46B2-9C6B-22C3CDA5FD49}.Release|iPhoneSimulator.ActiveCfg = Release|iPhoneSimulator
		{9517ECAF-F351-46B2-9C6B-22C3CDA5FD49}.Release|iPhoneSimulator.Build.0 = Release|iPhoneSimulator
		{9517ECAF-F351-46B2-9C6B-22C3CDA5FD49}.Debug|iPhone.ActiveCfg = Debug|iPhone
		{9517ECAF-F351-46B2-9C6B-22C3CDA5FD49}.Debug|iPhone.Build.0 = Debug|iPhone
		{5F06C7E8-233F-41F8-8F85-B7091E352278}.Debug|Any CPU.ActiveCfg = Debug|Any CPU
		{5F06C7E8-233F-41F8-8F85-B7091E352278}.Debug|Any CPU.Build.0 = Debug|Any CPU
		{5F06C7E8-233F-41F8-8F85-B7091E352278}.Release|Any CPU.ActiveCfg = Release|Any CPU
		{5F06C7E8-233F-41F8-8F85-B7091E352278}.Release|Any CPU.Build.0 = Release|Any CPU
		{5F06C7E8-233F-41F8-8F85-B7091E352278}.Debug|iPhoneSimulator.ActiveCfg = Debug|Any CPU
		{5F06C7E8-233F-41F8-8F85-B7091E352278}.Debug|iPhoneSimulator.Build.0 = Debug|Any CPU
		{5F06C7E8-233F-41F8-8F85-B7091E352278}.Release|iPhone.ActiveCfg = Release|Any CPU
		{5F06C7E8-233F-41F8-8F85-B7091E352278}.Release|iPhone.Build.0 = Release|Any CPU
		{5F06C7E8-233F-41F8-8F85-B7091E352278}.Release|iPhoneSimulator.ActiveCfg = Release|Any CPU
		{5F06C7E8-233F-41F8-8F85-B7091E352278}.Release|iPhoneSimulator.Build.0 = Release|Any CPU
		{5F06C7E8-233F-41F8-8F85-B7091E352278}.Debug|iPhone.ActiveCfg = Debug|Any CPU
		{5F06C7E8-233F-41F8-8F85-B7091E352278}.Debug|iPhone.Build.0 = Debug|Any CPU
	EndGlobalSection
EndGlobal
